
Microsoft Visual Studio Solution File, Format Version 12.00
# Visual Studio 15
VisualStudioVersion = 15.0.27428.2005
MinimumVisualStudioVersion = 10.0.40219.1
Project("{FAE04EC0-301F-11D3-BF4B-00C04F79EFBC}") = "ProjetGl", "ProjetGl\ProjetGl.csproj", "{35E7DF2E-C1E6-4D77-A358-AD6580690521}"
EndProject
Global
	GlobalSection(SolutionConfigurationPlatforms) = preSolution
		Debug|Any CPU = Debug|Any CPU
		Release|Any CPU = Release|Any CPU
	EndGlobalSection
	GlobalSection(ProjectConfigurationPlatforms) = postSolution
		{35E7DF2E-C1E6-4D77-A358-AD6580690521}.Debug|Any CPU.ActiveCfg = Debug|Any CPU
		{35E7DF2E-C1E6-4D77-A358-AD6580690521}.Debug|Any CPU.Build.0 = Debug|Any CPU
		{35E7DF2E-C1E6-4D77-A358-AD6580690521}.Release|Any CPU.ActiveCfg = Release|Any CPU
		{35E7DF2E-C1E6-4D77-A358-AD6580690521}.Release|Any CPU.Build.0 = Release|Any CPU
	EndGlobalSection
	GlobalSection(SolutionProperties) = preSolution
		HideSolutionNode = FALSE
	EndGlobalSection
	GlobalSection(ExtensibilityGlobals) = postSolution
		SolutionGuid = {21C09BDF-0EEC-4B11-A3A3-1921042A9CE4}
	EndGlobalSection
EndGlobal
